
Microsoft Visual Studio Solution File, Format Version 12.00
# Visual Studio 15
VisualStudioVersion = 15.0.26730.15
MinimumVisualStudioVersion = 10.0.40219.1
Project("{2150E333-8FDC-42A3-9474-1A3956D46DE8}") = "MobileEnterprise", "MobileEnterprise", "{76E14BD5-8252-4937-820A-C5CCDCE06A7D}"
EndProject
Project("{FAE04EC0-301F-11D3-BF4B-00C04F79EFBC}") = "Multibank.MobileEnterprise.RESTful", "Multibank.MobileEnterprise.RESTful\Multibank.MobileEnterprise.RESTful.csproj", "{E7C19DB1-0292-40FE-A595-7F0EE539F617}"
EndProject
Project("{2150E333-8FDC-42A3-9474-1A3956D46DE8}") = "REST Api", "REST Api", "{6E64DD91-4CEA-4124-8994-98BFC5E3C8C6}"
EndProject
Project("{2150E333-8FDC-42A3-9474-1A3956D46DE8}") = "App", "App", "{FB349821-938A-4B97-AA8D-F687CCD7DE28}"
EndProject
Project("{FAE04EC0-301F-11D3-BF4B-00C04F79EFBC}") = "Multibank.Autorizador.Android", "Multibank.Autorizador\Multibank.Autorizador.Android\Multibank.Autorizador.Android.csproj", "{D75FF764-30C5-4BA3-B72B-CD1DEA27DB80}"
EndProject
Project("{FAE04EC0-301F-11D3-BF4B-00C04F79EFBC}") = "Multibank.Autorizador", "Multibank.Autorizador\Multibank.Autorizador\Multibank.Autorizador.csproj", "{2E23DEA5-8C3F-4855-9B13-12216B240764}"
EndProject
Project("{FAE04EC0-301F-11D3-BF4B-00C04F79EFBC}") = "Multibank.Autorizador.iOS", "Multibank.Autorizador\Multibank.Autorizador.iOS\Multibank.Autorizador.iOS.csproj", "{ED4FE894-7857-4873-B46C-DA2133A8BC52}"
EndProject
Global
	GlobalSection(SolutionConfigurationPlatforms) = preSolution
		Ad-Hoc|Any CPU = Ad-Hoc|Any CPU
		Ad-Hoc|ARM = Ad-Hoc|ARM
		Ad-Hoc|iPhone = Ad-Hoc|iPhone
		Ad-Hoc|iPhoneSimulator = Ad-Hoc|iPhoneSimulator
		Ad-Hoc|x64 = Ad-Hoc|x64
		Ad-Hoc|x86 = Ad-Hoc|x86
		AppStore|Any CPU = AppStore|Any CPU
		AppStore|ARM = AppStore|ARM
		AppStore|iPhone = AppStore|iPhone
		AppStore|iPhoneSimulator = AppStore|iPhoneSimulator
		AppStore|x64 = AppStore|x64
		AppStore|x86 = AppStore|x86
		Debug|Any CPU = Debug|Any CPU
		Debug|ARM = Debug|ARM
		Debug|iPhone = Debug|iPhone
		Debug|iPhoneSimulator = Debug|iPhoneSimulator
		Debug|x64 = Debug|x64
		Debug|x86 = Debug|x86
		Release|Any CPU = Release|Any CPU
		Release|ARM = Release|ARM
		Release|iPhone = Release|iPhone
		Release|iPhoneSimulator = Release|iPhoneSimulator
		Release|x64 = Release|x64
		Release|x86 = Release|x86
	EndGlobalSection
	GlobalSection(ProjectConfigurationPlatforms) = postSolution
		{E7C19DB1-0292-40FE-A595-7F0EE539F617}.Ad-Hoc|Any CPU.ActiveCfg = Release|Any CPU
		{E7C19DB1-0292-40FE-A595-7F0EE539F617}.Ad-Hoc|Any CPU.Build.0 = Release|Any CPU
		{E7C19DB1-0292-40FE-A595-7F0EE539F617}.Ad-Hoc|ARM.ActiveCfg = Release|Any CPU
		{E7C19DB1-0292-40FE-A595-7F0EE539F617}.Ad-Hoc|ARM.Build.0 = Release|Any CPU
		{E7C19DB1-0292-40FE-A595-7F0EE539F617}.Ad-Hoc|iPhone.ActiveCfg = Release|Any CPU
		{E7C19DB1-0292-40FE-A595-7F0EE539F617}.Ad-Hoc|iPhone.Build.0 = Release|Any CPU
		{E7C19DB1-0292-40FE-A595-7F0EE539F617}.Ad-Hoc|iPhoneSimulator.ActiveCfg = Release|Any CPU
		{E7C19DB1-0292-40FE-A595-7F0EE539F617}.Ad-Hoc|iPhoneSimulator.Build.0 = Release|Any CPU
		{E7C19DB1-0292-40FE-A595-7F0EE539F617}.Ad-Hoc|x64.ActiveCfg = Release|Any CPU
		{E7C19DB1-0292-40FE-A595-7F0EE539F617}.Ad-Hoc|x64.Build.0 = Release|Any CPU
		{E7C19DB1-0292-40FE-A595-7F0EE539F617}.Ad-Hoc|x86.ActiveCfg = Release|Any CPU
		{E7C19DB1-0292-40FE-A595-7F0EE539F617}.Ad-Hoc|x86.Build.0 = Release|Any CPU
		{E7C19DB1-0292-40FE-A595-7F0EE539F617}.AppStore|Any CPU.ActiveCfg = Release|Any CPU
		{E7C19DB1-0292-40FE-A595-7F0EE539F617}.AppStore|Any CPU.Build.0 = Release|Any CPU
		{E7C19DB1-0292-40FE-A595-7F0EE539F617}.AppStore|ARM.ActiveCfg = Release|Any CPU
		{E7C19DB1-0292-40FE-A595-7F0EE539F617}.AppStore|ARM.Build.0 = Release|Any CPU
		{E7C19DB1-0292-40FE-A595-7F0EE539F617}.AppStore|iPhone.ActiveCfg = Release|Any CPU
		{E7C19DB1-0292-40FE-A595-7F0EE539F617}.AppStore|iPhone.Build.0 = Release|Any CPU
		{E7C19DB1-0292-40FE-A595-7F0EE539F617}.AppStore|iPhoneSimulator.ActiveCfg = Release|Any CPU
		{E7C19DB1-0292-40FE-A595-7F0EE539F617}.AppStore|iPhoneSimulator.Build.0 = Release|Any CPU
		{E7C19DB1-0292-40FE-A595-7F0EE539F617}.AppStore|x64.ActiveCfg = Release|Any CPU
		{E7C19DB1-0292-40FE-A595-7F0EE539F617}.AppStore|x64.Build.0 = Release|Any CPU
		{E7C19DB1-0292-40FE-A595-7F0EE539F617}.AppStore|x86.ActiveCfg = Release|Any CPU
		{E7C19DB1-0292-40FE-A595-7F0EE539F617}.AppStore|x86.Build.0 = Release|Any CPU
		{E7C19DB1-0292-40FE-A595-7F0EE539F617}.Debug|Any CPU.ActiveCfg = Debug|Any CPU
		{E7C19DB1-0292-40FE-A595-7F0EE539F617}.Debug|Any CPU.Build.0 = Debug|Any CPU
		{E7C19DB1-0292-40FE-A595-7F0EE539F617}.Debug|ARM.ActiveCfg = Debug|Any CPU
		{E7C19DB1-0292-40FE-A595-7F0EE539F617}.Debug|ARM.Build.0 = Debug|Any CPU
		{E7C19DB1-0292-40FE-A595-7F0EE539F617}.Debug|iPhone.ActiveCfg = Debug|Any CPU
		{E7C19DB1-0292-40FE-A595-7F0EE539F617}.Debug|iPhone.Build.0 = Debug|Any CPU
		{E7C19DB1-0292-40FE-A595-7F0EE539F617}.Debug|iPhoneSimulator.ActiveCfg = Debug|Any CPU
		{E7C19DB1-0292-40FE-A595-7F0EE539F617}.Debug|iPhoneSimulator.Build.0 = Debug|Any CPU
		{E7C19DB1-0292-40FE-A595-7F0EE539F617}.Debug|x64.ActiveCfg = Debug|Any CPU
		{E7C19DB1-0292-40FE-A595-7F0EE539F617}.Debug|x64.Build.0 = Debug|Any CPU
		{E7C19DB1-0292-40FE-A595-7F0EE539F617}.Debug|x86.ActiveCfg = Debug|Any CPU
		{E7C19DB1-0292-40FE-A595-7F0EE539F617}.Debug|x86.Build.0 = Debug|Any CPU
		{E7C19DB1-0292-40FE-A595-7F0EE539F617}.Release|Any CPU.ActiveCfg = Release|Any CPU
		{E7C19DB1-0292-40FE-A595-7F0EE539F617}.Release|Any CPU.Build.0 = Release|Any CPU
		{E7C19DB1-0292-40FE-A595-7F0EE539F617}.Release|ARM.ActiveCfg = Release|Any CPU
		{E7C19DB1-0292-40FE-A595-7F0EE539F617}.Release|ARM.Build.0 = Release|Any CPU
		{E7C19DB1-0292-40FE-A595-7F0EE539F617}.Release|iPhone.ActiveCfg = Release|Any CPU
		{E7C19DB1-0292-40FE-A595-7F0EE539F617}.Release|iPhone.Build.0 = Release|Any CPU
		{E7C19DB1-0292-40FE-A595-7F0EE539F617}.Release|iPhoneSimulator.ActiveCfg = Release|Any CPU
		{E7C19DB1-0292-40FE-A595-7F0EE539F617}.Release|iPhoneSimulator.Build.0 = Release|Any CPU
		{E7C19DB1-0292-40FE-A595-7F0EE539F617}.Release|x64.ActiveCfg = Release|Any CPU
		{E7C19DB1-0292-40FE-A595-7F0EE539F617}.Release|x64.Build.0 = Release|Any CPU
		{E7C19DB1-0292-40FE-A595-7F0EE539F617}.Release|x86.ActiveCfg = Release|Any CPU
		{E7C19DB1-0292-40FE-A595-7F0EE539F617}.Release|x86.Build.0 = Release|Any CPU
		{D75FF764-30C5-4BA3-B72B-CD1DEA27DB80}.Ad-Hoc|Any CPU.ActiveCfg = Release|Any CPU
		{D75FF764-30C5-4BA3-B72B-CD1DEA27DB80}.Ad-Hoc|Any CPU.Build.0 = Release|Any CPU
		{D75FF764-30C5-4BA3-B72B-CD1DEA27DB80}.Ad-Hoc|Any CPU.Deploy.0 = Release|Any CPU
		{D75FF764-30C5-4BA3-B72B-CD1DEA27DB80}.Ad-Hoc|ARM.ActiveCfg = Release|Any CPU
		{D75FF764-30C5-4BA3-B72B-CD1DEA27DB80}.Ad-Hoc|ARM.Build.0 = Release|Any CPU
		{D75FF764-30C5-4BA3-B72B-CD1DEA27DB80}.Ad-Hoc|ARM.Deploy.0 = Release|Any CPU
		{D75FF764-30C5-4BA3-B72B-CD1DEA27DB80}.Ad-Hoc|iPhone.ActiveCfg = Release|Any CPU
		{D75FF764-30C5-4BA3-B72B-CD1DEA27DB80}.Ad-Hoc|iPhone.Build.0 = Release|Any CPU
		{D75FF764-30C5-4BA3-B72B-CD1DEA27DB80}.Ad-Hoc|iPhone.Deploy.0 = Release|Any CPU
		{D75FF764-30C5-4BA3-B72B-CD1DEA27DB80}.Ad-Hoc|iPhoneSimulator.ActiveCfg = Release|Any CPU
		{D75FF764-30C5-4BA3-B72B-CD1DEA27DB80}.Ad-Hoc|iPhoneSimulator.Build.0 = Release|Any CPU
		{D75FF764-30C5-4BA3-B72B-CD1DEA27DB80}.Ad-Hoc|iPhoneSimulator.Deploy.0 = Release|Any CPU
		{D75FF764-30C5-4BA3-B72B-CD1DEA27DB80}.Ad-Hoc|x64.ActiveCfg = Release|Any CPU
		{D75FF764-30C5-4BA3-B72B-CD1DEA27DB80}.Ad-Hoc|x64.Build.0 = Release|Any CPU
		{D75FF764-30C5-4BA3-B72B-CD1DEA27DB80}.Ad-Hoc|x64.Deploy.0 = Release|Any CPU
		{D75FF764-30C5-4BA3-B72B-CD1DEA27DB80}.Ad-Hoc|x86.ActiveCfg = Release|Any CPU
		{D75FF764-30C5-4BA3-B72B-CD1DEA27DB80}.Ad-Hoc|x86.Build.0 = Release|Any CPU
		{D75FF764-30C5-4BA3-B72B-CD1DEA27DB80}.Ad-Hoc|x86.Deploy.0 = Release|Any CPU
		{D75FF764-30C5-4BA3-B72B-CD1DEA27DB80}.AppStore|Any CPU.ActiveCfg = Release|Any CPU
		{D75FF764-30C5-4BA3-B72B-CD1DEA27DB80}.AppStore|Any CPU.Build.0 = Release|Any CPU
		{D75FF764-30C5-4BA3-B72B-CD1DEA27DB80}.AppStore|Any CPU.Deploy.0 = Release|Any CPU
		{D75FF764-30C5-4BA3-B72B-CD1DEA27DB80}.AppStore|ARM.ActiveCfg = Release|Any CPU
		{D75FF764-30C5-4BA3-B72B-CD1DEA27DB80}.AppStore|ARM.Build.0 = Release|Any CPU
		{D75FF764-30C5-4BA3-B72B-CD1DEA27DB80}.AppStore|ARM.Deploy.0 = Release|Any CPU
		{D75FF764-30C5-4BA3-B72B-CD1DEA27DB80}.AppStore|iPhone.ActiveCfg = Release|Any CPU
		{D75FF764-30C5-4BA3-B72B-CD1DEA27DB80}.AppStore|iPhone.Build.0 = Release|Any CPU
		{D75FF764-30C5-4BA3-B72B-CD1DEA27DB80}.AppStore|iPhone.Deploy.0 = Release|Any CPU
		{D75FF764-30C5-4BA3-B72B-CD1DEA27DB80}.AppStore|iPhoneSimulator.ActiveCfg = Release|Any CPU
		{D75FF764-30C5-4BA3-B72B-CD1DEA27DB80}.AppStore|iPhoneSimulator.Build.0 = Release|Any CPU
		{D75FF764-30C5-4BA3-B72B-CD1DEA27DB80}.AppStore|iPhoneSimulator.Deploy.0 = Release|Any CPU
		{D75FF764-30C5-4BA3-B72B-CD1DEA27DB80}.AppStore|x64.ActiveCfg = Release|Any CPU
		{D75FF764-30C5-4BA3-B72B-CD1DEA27DB80}.AppStore|x64.Build.0 = Release|Any CPU
		{D75FF764-30C5-4BA3-B72B-CD1DEA27DB80}.AppStore|x64.Deploy.0 = Release|Any CPU
		{D75FF764-30C5-4BA3-B72B-CD1DEA27DB80}.AppStore|x86.ActiveCfg = Release|Any CPU
		{D75FF764-30C5-4BA3-B72B-CD1DEA27DB80}.AppStore|x86.Build.0 = Release|Any CPU
		{D75FF764-30C5-4BA3-B72B-CD1DEA27DB80}.AppStore|x86.Deploy.0 = Release|Any CPU
		{D75FF764-30C5-4BA3-B72B-CD1DEA27DB80}.Debug|Any CPU.ActiveCfg = Debug|Any CPU
		{D75FF764-30C5-4BA3-B72B-CD1DEA27DB80}.Debug|Any CPU.Build.0 = Debug|Any CPU
		{D75FF764-30C5-4BA3-B72B-CD1DEA27DB80}.Debug|Any CPU.Deploy.0 = Debug|Any CPU
		{D75FF764-30C5-4BA3-B72B-CD1DEA27DB80}.Debug|ARM.ActiveCfg = Debug|Any CPU
		{D75FF764-30C5-4BA3-B72B-CD1DEA27DB80}.Debug|ARM.Build.0 = Debug|Any CPU
		{D75FF764-30C5-4BA3-B72B-CD1DEA27DB80}.Debug|ARM.Deploy.0 = Debug|Any CPU
		{D75FF764-30C5-4BA3-B72B-CD1DEA27DB80}.Debug|iPhone.ActiveCfg = Debug|Any CPU
		{D75FF764-30C5-4BA3-B72B-CD1DEA27DB80}.Debug|iPhone.Build.0 = Debug|Any CPU
		{D75FF764-30C5-4BA3-B72B-CD1DEA27DB80}.Debug|iPhone.Deploy.0 = Debug|Any CPU
		{D75FF764-30C5-4BA3-B72B-CD1DEA27DB80}.Debug|iPhoneSimulator.ActiveCfg = Debug|Any CPU
		{D75FF764-30C5-4BA3-B72B-CD1DEA27DB80}.Debug|iPhoneSimulator.Build.0 = Debug|Any CPU
		{D75FF764-30C5-4BA3-B72B-CD1DEA27DB80}.Debug|iPhoneSimulator.Deploy.0 = Debug|Any CPU
		{D75FF764-30C5-4BA3-B72B-CD1DEA27DB80}.Debug|x64.ActiveCfg = Debug|Any CPU
		{D75FF764-30C5-4BA3-B72B-CD1DEA27DB80}.Debug|x64.Build.0 = Debug|Any CPU
		{D75FF764-30C5-4BA3-B72B-CD1DEA27DB80}.Debug|x64.Deploy.0 = Debug|Any CPU
		{D75FF764-30C5-4BA3-B72B-CD1DEA27DB80}.Debug|x86.ActiveCfg = Debug|Any CPU
		{D75FF764-30C5-4BA3-B72B-CD1DEA27DB80}.Debug|x86.Build.0 = Debug|Any CPU
		{D75FF764-30C5-4BA3-B72B-CD1DEA27DB80}.Debug|x86.Deploy.0 = Debug|Any CPU
		{D75FF764-30C5-4BA3-B72B-CD1DEA27DB80}.Release|Any CPU.ActiveCfg = Release|Any CPU
		{D75FF764-30C5-4BA3-B72B-CD1DEA27DB80}.Release|Any CPU.Build.0 = Release|Any CPU
		{D75FF764-30C5-4BA3-B72B-CD1DEA27DB80}.Release|Any CPU.Deploy.0 = Release|Any CPU
		{D75FF764-30C5-4BA3-B72B-CD1DEA27DB80}.Release|ARM.ActiveCfg = Release|Any CPU
		{D75FF764-30C5-4BA3-B72B-CD1DEA27DB80}.Release|ARM.Build.0 = Release|Any CPU
		{D75FF764-30C5-4BA3-B72B-CD1DEA27DB80}.Release|ARM.Deploy.0 = Release|Any CPU
		{D75FF764-30C5-4BA3-B72B-CD1DEA27DB80}.Release|iPhone.ActiveCfg = Release|Any CPU
		{D75FF764-30C5-4BA3-B72B-CD1DEA27DB80}.Release|iPhone.Build.0 = Release|Any CPU
		{D75FF764-30C5-4BA3-B72B-CD1DEA27DB80}.Release|iPhone.Deploy.0 = Release|Any CPU
		{D75FF764-30C5-4BA3-B72B-CD1DEA27DB80}.Release|iPhoneSimulator.ActiveCfg = Release|Any CPU
		{D75FF764-30C5-4BA3-B72B-CD1DEA27DB80}.Release|iPhoneSimulator.Build.0 = Release|Any CPU
		{D75FF764-30C5-4BA3-B72B-CD1DEA27DB80}.Release|iPhoneSimulator.Deploy.0 = Release|Any CPU
		{D75FF764-30C5-4BA3-B72B-CD1DEA27DB80}.Release|x64.ActiveCfg = Release|Any CPU
		{D75FF764-30C5-4BA3-B72B-CD1DEA27DB80}.Release|x64.Build.0 = Release|Any CPU
		{D75FF764-30C5-4BA3-B72B-CD1DEA27DB80}.Release|x64.Deploy.0 = Release|Any CPU
		{D75FF764-30C5-4BA3-B72B-CD1DEA27DB80}.Release|x86.ActiveCfg = Release|Any CPU
		{D75FF764-30C5-4BA3-B72B-CD1DEA27DB80}.Release|x86.Build.0 = Release|Any CPU
		{D75FF764-30C5-4BA3-B72B-CD1DEA27DB80}.Release|x86.Deploy.0 = Release|Any CPU
		{2E23DEA5-8C3F-4855-9B13-12216B240764}.Ad-Hoc|Any CPU.ActiveCfg = Release|Any CPU
		{2E23DEA5-8C3F-4855-9B13-12216B240764}.Ad-Hoc|Any CPU.Build.0 = Release|Any CPU
		{2E23DEA5-8C3F-4855-9B13-12216B240764}.Ad-Hoc|ARM.ActiveCfg = Release|Any CPU
		{2E23DEA5-8C3F-4855-9B13-12216B240764}.Ad-Hoc|ARM.Build.0 = Release|Any CPU
		{2E23DEA5-8C3F-4855-9B13-12216B240764}.Ad-Hoc|iPhone.ActiveCfg = Release|Any CPU
		{2E23DEA5-8C3F-4855-9B13-12216B240764}.Ad-Hoc|iPhone.Build.0 = Release|Any CPU
		{2E23DEA5-8C3F-4855-9B13-12216B240764}.Ad-Hoc|iPhoneSimulator.ActiveCfg = Release|Any CPU
		{2E23DEA5-8C3F-4855-9B13-12216B240764}.Ad-Hoc|iPhoneSimulator.Build.0 = Release|Any CPU
		{2E23DEA5-8C3F-4855-9B13-12216B240764}.Ad-Hoc|x64.ActiveCfg = Release|Any CPU
		{2E23DEA5-8C3F-4855-9B13-12216B240764}.Ad-Hoc|x64.Build.0 = Release|Any CPU
		{2E23DEA5-8C3F-4855-9B13-12216B240764}.Ad-Hoc|x86.ActiveCfg = Release|Any CPU
		{2E23DEA5-8C3F-4855-9B13-12216B240764}.Ad-Hoc|x86.Build.0 = Release|Any CPU
		{2E23DEA5-8C3F-4855-9B13-12216B240764}.AppStore|Any CPU.ActiveCfg = Release|Any CPU
		{2E23DEA5-8C3F-4855-9B13-12216B240764}.AppStore|Any CPU.Build.0 = Release|Any CPU
		{2E23DEA5-8C3F-4855-9B13-12216B240764}.AppStore|ARM.ActiveCfg = Release|Any CPU
		{2E23DEA5-8C3F-4855-9B13-12216B240764}.AppStore|ARM.Build.0 = Release|Any CPU
		{2E23DEA5-8C3F-4855-9B13-12216B240764}.AppStore|iPhone.ActiveCfg = Release|Any CPU
		{2E23DEA5-8C3F-4855-9B13-12216B240764}.AppStore|iPhone.Build.0 = Release|Any CPU
		{2E23DEA5-8C3F-4855-9B13-12216B240764}.AppStore|iPhoneSimulator.ActiveCfg = Release|Any CPU
		{2E23DEA5-8C3F-4855-9B13-12216B240764}.AppStore|iPhoneSimulator.Build.0 = Release|Any CPU
		{2E23DEA5-8C3F-4855-9B13-12216B240764}.AppStore|x64.ActiveCfg = Release|Any CPU
		{2E23DEA5-8C3F-4855-9B13-12216B240764}.AppStore|x64.Build.0 = Release|Any CPU
		{2E23DEA5-8C3F-4855-9B13-12216B240764}.AppStore|x86.ActiveCfg = Release|Any CPU
		{2E23DEA5-8C3F-4855-9B13-12216B240764}.AppStore|x86.Build.0 = Release|Any CPU
		{2E23DEA5-8C3F-4855-9B13-12216B240764}.Debug|Any CPU.ActiveCfg = Debug|Any CPU
		{2E23DEA5-8C3F-4855-9B13-12216B240764}.Debug|Any CPU.Build.0 = Debug|Any CPU
		{2E23DEA5-8C3F-4855-9B13-12216B240764}.Debug|ARM.ActiveCfg = Debug|Any CPU
		{2E23DEA5-8C3F-4855-9B13-12216B240764}.Debug|ARM.Build.0 = Debug|Any CPU
		{2E23DEA5-8C3F-4855-9B13-12216B240764}.Debug|iPhone.ActiveCfg = Debug|Any CPU
		{2E23DEA5-8C3F-4855-9B13-12216B240764}.Debug|iPhone.Build.0 = Debug|Any CPU
		{2E23DEA5-8C3F-4855-9B13-12216B240764}.Debug|iPhoneSimulator.ActiveCfg = Debug|Any CPU
		{2E23DEA5-8C3F-4855-9B13-12216B240764}.Debug|iPhoneSimulator.Build.0 = Debug|Any CPU
		{2E23DEA5-8C3F-4855-9B13-12216B240764}.Debug|x64.ActiveCfg = Debug|Any CPU
		{2E23DEA5-8C3F-4855-9B13-12216B240764}.Debug|x64.Build.0 = Debug|Any CPU
		{2E23DEA5-8C3F-4855-9B13-12216B240764}.Debug|x86.ActiveCfg = Debug|Any CPU
		{2E23DEA5-8C3F-4855-9B13-12216B240764}.Debug|x86.Build.0 = Debug|Any CPU
		{2E23DEA5-8C3F-4855-9B13-12216B240764}.Release|Any CPU.ActiveCfg = Release|Any CPU
		{2E23DEA5-8C3F-4855-9B13-12216B240764}.Release|Any CPU.Build.0 = Release|Any CPU
		{2E23DEA5-8C3F-4855-9B13-12216B240764}.Release|ARM.ActiveCfg = Release|Any CPU
		{2E23DEA5-8C3F-4855-9B13-12216B240764}.Release|ARM.Build.0 = Release|Any CPU
		{2E23DEA5-8C3F-4855-9B13-12216B240764}.Release|iPhone.ActiveCfg = Release|Any CPU
		{2E23DEA5-8C3F-4855-9B13-12216B240764}.Release|iPhone.Build.0 = Release|Any CPU
		{2E23DEA5-8C3F-4855-9B13-12216B240764}.Release|iPhoneSimulator.ActiveCfg = Release|Any CPU
		{2E23DEA5-8C3F-4855-9B13-12216B240764}.Release|iPhoneSimulator.Build.0 = Release|Any CPU
		{2E23DEA5-8C3F-4855-9B13-12216B240764}.Release|x64.ActiveCfg = Release|Any CPU
		{2E23DEA5-8C3F-4855-9B13-12216B240764}.Release|x64.Build.0 = Release|Any CPU
		{2E23DEA5-8C3F-4855-9B13-12216B240764}.Release|x86.ActiveCfg = Release|Any CPU
		{2E23DEA5-8C3F-4855-9B13-12216B240764}.Release|x86.Build.0 = Release|Any CPU
		{ED4FE894-7857-4873-B46C-DA2133A8BC52}.Ad-Hoc|Any CPU.ActiveCfg = Ad-Hoc|iPhone
		{ED4FE894-7857-4873-B46C-DA2133A8BC52}.Ad-Hoc|ARM.ActiveCfg = Ad-Hoc|iPhone
		{ED4FE894-7857-4873-B46C-DA2133A8BC52}.Ad-Hoc|iPhone.ActiveCfg = Ad-Hoc|iPhone
		{ED4FE894-7857-4873-B46C-DA2133A8BC52}.Ad-Hoc|iPhone.Build.0 = Ad-Hoc|iPhone
		{ED4FE894-7857-4873-B46C-DA2133A8BC52}.Ad-Hoc|iPhoneSimulator.ActiveCfg = Ad-Hoc|iPhoneSimulator
		{ED4FE894-7857-4873-B46C-DA2133A8BC52}.Ad-Hoc|iPhoneSimulator.Build.0 = Ad-Hoc|iPhoneSimulator
		{ED4FE894-7857-4873-B46C-DA2133A8BC52}.Ad-Hoc|x64.ActiveCfg = Ad-Hoc|iPhone
		{ED4FE894-7857-4873-B46C-DA2133A8BC52}.Ad-Hoc|x86.ActiveCfg = Ad-Hoc|iPhone
		{ED4FE894-7857-4873-B46C-DA2133A8BC52}.AppStore|Any CPU.ActiveCfg = AppStore|iPhone
		{ED4FE894-7857-4873-B46C-DA2133A8BC52}.AppStore|ARM.ActiveCfg = AppStore|iPhone
		{ED4FE894-7857-4873-B46C-DA2133A8BC52}.AppStore|iPhone.ActiveCfg = AppStore|iPhone
		{ED4FE894-7857-4873-B46C-DA2133A8BC52}.AppStore|iPhone.Build.0 = AppStore|iPhone
		{ED4FE894-7857-4873-B46C-DA2133A8BC52}.AppStore|iPhoneSimulator.ActiveCfg = AppStore|iPhoneSimulator
		{ED4FE894-7857-4873-B46C-DA2133A8BC52}.AppStore|iPhoneSimulator.Build.0 = AppStore|iPhoneSimulator
		{ED4FE894-7857-4873-B46C-DA2133A8BC52}.AppStore|x64.ActiveCfg = AppStore|iPhone
		{ED4FE894-7857-4873-B46C-DA2133A8BC52}.AppStore|x86.ActiveCfg = AppStore|iPhone
		{ED4FE894-7857-4873-B46C-DA2133A8BC52}.Debug|Any CPU.ActiveCfg = Debug|iPhone
		{ED4FE894-7857-4873-B46C-DA2133A8BC52}.Debug|ARM.ActiveCfg = Debug|iPhone
		{ED4FE894-7857-4873-B46C-DA2133A8BC52}.Debug|iPhone.ActiveCfg = Debug|iPhone
		{ED4FE894-7857-4873-B46C-DA2133A8BC52}.Debug|iPhone.Build.0 = Debug|iPhone
		{ED4FE894-7857-4873-B46C-DA2133A8BC52}.Debug|iPhoneSimulator.ActiveCfg = Debug|iPhoneSimulator
		{ED4FE894-7857-4873-B46C-DA2133A8BC52}.Debug|iPhoneSimulator.Build.0 = Debug|iPhoneSimulator
		{ED4FE894-7857-4873-B46C-DA2133A8BC52}.Debug|x64.ActiveCfg = Debug|iPhone
		{ED4FE894-7857-4873-B46C-DA2133A8BC52}.Debug|x86.ActiveCfg = Debug|iPhone
		{ED4FE894-7857-4873-B46C-DA2133A8BC52}.Release|Any CPU.ActiveCfg = Release|iPhone
		{ED4FE894-7857-4873-B46C-DA2133A8BC52}.Release|ARM.ActiveCfg = Release|iPhone
		{ED4FE894-7857-4873-B46C-DA2133A8BC52}.Release|iPhone.ActiveCfg = Release|iPhone
		{ED4FE894-7857-4873-B46C-DA2133A8BC52}.Release|iPhone.Build.0 = Release|iPhone
		{ED4FE894-7857-4873-B46C-DA2133A8BC52}.Release|iPhoneSimulator.ActiveCfg = Release|iPhoneSimulator
		{ED4FE894-7857-4873-B46C-DA2133A8BC52}.Release|iPhoneSimulator.Build.0 = Release|iPhoneSimulator
		{ED4FE894-7857-4873-B46C-DA2133A8BC52}.Release|x64.ActiveCfg = Release|iPhone
		{ED4FE894-7857-4873-B46C-DA2133A8BC52}.Release|x86.ActiveCfg = Release|iPhone
	EndGlobalSection
	GlobalSection(SolutionProperties) = preSolution
		HideSolutionNode = FALSE
	EndGlobalSection
	GlobalSection(NestedProjects) = preSolution
		{E7C19DB1-0292-40FE-A595-7F0EE539F617} = {6E64DD91-4CEA-4124-8994-98BFC5E3C8C6}
		{6E64DD91-4CEA-4124-8994-98BFC5E3C8C6} = {76E14BD5-8252-4937-820A-C5CCDCE06A7D}
		{FB349821-938A-4B97-AA8D-F687CCD7DE28} = {76E14BD5-8252-4937-820A-C5CCDCE06A7D}
		{D75FF764-30C5-4BA3-B72B-CD1DEA27DB80} = {FB349821-938A-4B97-AA8D-F687CCD7DE28}
		{2E23DEA5-8C3F-4855-9B13-12216B240764} = {FB349821-938A-4B97-AA8D-F687CCD7DE28}
		{ED4FE894-7857-4873-B46C-DA2133A8BC52} = {FB349821-938A-4B97-AA8D-F687CCD7DE28}
	EndGlobalSection
	GlobalSection(ExtensibilityGlobals) = postSolution
		SolutionGuid = {393F5608-5FFC-4E91-A418-F5692388DED0}
	EndGlobalSection
EndGlobal
